
Microsoft Visual Studio Solution File, Format Version 12.00
# Visual Studio 15
VisualStudioVersion = 15.0.28307.271
MinimumVisualStudioVersion = 10.0.40219.1
Project("{FAE04EC0-301F-11D3-BF4B-00C04F79EFBC}") = "CS3280GP", "CS3280GP\CS3280GP.csproj", "{94C14874-A67D-4CA7-9366-050207B64485}"
EndProject
Global
	GlobalSection(SolutionConfigurationPlatforms) = preSolution
		Debug|Any CPU = Debug|Any CPU
		Release|Any CPU = Release|Any CPU
	EndGlobalSection
	GlobalSection(ProjectConfigurationPlatforms) = postSolution
		{94C14874-A67D-4CA7-9366-050207B64485}.Debug|Any CPU.ActiveCfg = Debug|Any CPU
		{94C14874-A67D-4CA7-9366-050207B64485}.Debug|Any CPU.Build.0 = Debug|Any CPU
		{94C14874-A67D-4CA7-9366-050207B64485}.Release|Any CPU.ActiveCfg = Release|Any CPU
		{94C14874-A67D-4CA7-9366-050207B64485}.Release|Any CPU.Build.0 = Release|Any CPU
	EndGlobalSection
	GlobalSection(SolutionProperties) = preSolution
		HideSolutionNode = FALSE
	EndGlobalSection
	GlobalSection(ExtensibilityGlobals) = postSolution
		SolutionGuid = {F9FE4D73-B675-42CE-A040-BB6A6D2B30C3}
	EndGlobalSection
EndGlobal
